/home/deimos/penny/mabuls/cycle6/cycle6_Z087.throughput Z087
/home/deimos/penny/mabuls/cycle6/cycle6_Y106.throughput Y106
/home/deimos/penny/mabuls/cycle6/cycle6_J129.throughput J129
/home/deimos/penny/mabuls/cycle6/cycle6_H158.throughput H158
/home/deimos/penny/mabuls/cycle6/cycle6_W149.throughput W149
/home/deimos/penny/mabuls/cycle6/cycle6_F184.throughput F184
